
Microsoft Visual Studio Solution File, Format Version 12.00
Project("{FAE04EC0-301F-11D3-BF4B-00C04F79EFBC}") = "YouTrackAnalyzer", "YouTrackAnalyzer\YouTrackAnalyzer.csproj", "{E8ECAD00-B300-4287-8220-AC49F483629C}"
EndProject
Global
	GlobalSection(SolutionConfigurationPlatforms) = preSolution
		Debug|Any CPU = Debug|Any CPU
		Release|Any CPU = Release|Any CPU
	EndGlobalSection
	GlobalSection(ProjectConfigurationPlatforms) = postSolution
		{E8ECAD00-B300-4287-8220-AC49F483629C}.Debug|Any CPU.ActiveCfg = Debug|Any CPU
		{E8ECAD00-B300-4287-8220-AC49F483629C}.Debug|Any CPU.Build.0 = Debug|Any CPU
		{E8ECAD00-B300-4287-8220-AC49F483629C}.Release|Any CPU.ActiveCfg = Release|Any CPU
		{E8ECAD00-B300-4287-8220-AC49F483629C}.Release|Any CPU.Build.0 = Release|Any CPU
	EndGlobalSection
EndGlobal
